{
  "name": "docusign",
  "version": "1.0.0",
  "lockfileVersion": 2,
  "requires": true,
  "packages": {
    "": {
      "name": "docusign",
      "version": "1.0.0",
      "license": "ISC",
      "dependencies": {
        "db": "file:../../../common/db"
      }
    },
    "../../../common/db": {
      "version": "1.0.0",
      "license": "ISC",
      "dependencies": {
        "aws-sdk": "^2.929.0",
        "util": "^0.12.4"
      },
      "devDependencies": {
        "@babel/plugin-transform-regenerator": "^7.16.5",
        "@babel/plugin-transform-runtime": "^7.16.5",
        "@babel/preset-env": "^7.16.5"
      }
    },
    "node_modules/db": {
      "resolved": "../../../common/db",
      "link": true
    }
  },
  "dependencies": {
    "db": {
      "version": "file:../../../common/db",
      "requires": {
        "@babel/plugin-transform-regenerator": "^7.16.5",
        "@babel/plugin-transform-runtime": "^7.16.5",
        "@babel/preset-env": "^7.16.5",
        "aws-sdk": "^2.929.0",
        "util": "^0.12.4"
      }
    }
  }
}
